{
  "nodes": {
    "flake-utils": {
      "inputs": {
        "systems": "systems"
      },
      "locked": {
        "lastModified": 1731533236,
        "narHash": "sha256-l0KFg5HjrsfsO/JpG+r7fRrqm12kzFHyUHqHCVpMMbI=",
        "owner": "numtide",
        "repo": "flake-utils",
        "rev": "11707dc2f618dd54ca8739b309ec4fc024de578b",
        "type": "github"
      },
      "original": {
        "owner": "numtide",
        "repo": "flake-utils",
        "type": "github"
      }
    },
    "focus-field-viewer": {
      "inputs": {
        "flake-utils": "flake-utils",
        "nixpkgs": "nixpkgs"
      },
      "locked": {
        "lastModified": 1787822793,
        "narHash": "sha256-q3MXriGpNWUioEoEENuxoFE/GkTezseeGXy4VJdJQaw=",
        "owner": "LEB-EPFL",
        "repo": "focus-field-viewer",
        "rev": "17e45d8a9ffcdb525052f9bbe80d90188e31c016",
        "type": "github"
      },
      "original": {
        "owner": "LEB-EPFL",
        "repo": "focus-field-viewer",
        "type": "github"
      }
    },
    "nixpkgs": {
      "locked": {
        "lastModified": 1787498568,
        "narHash": "sha256-9i/VTdusq/+NM/tz+J1Re+ojkMB8MBf0QshnYfzHz30=",
        "owner": "NixOS",
        "repo": "nixpkgs",
        "rev": "56c02bc00adcf003215cc4bd996d6efaf4cff188",
        "type": "github"
      },
      "original": {
        "owner": "NixOS",
        "ref": "nixos-unstable",
        "repo": "nixpkgs",
        "type": "github"
      }
    },
    "nixpkgs_2": {
      "locked": {
        "lastModified": 1785104993,
        "narHash": "sha256-eKbrvPoAOFutbYMdbB3r5EQVmFxKv24iKqHPPUXA0gM=",
        "owner": "NixOS",
        "repo": "nixpkgs",
        "rev": "8623c4c20aa4ca2f5fb81510d2944066c3fb0d96",
        "type": "github"
      },
      "original": {
        "owner": "NixOS",
        "ref": "nixos-26.05",
        "repo": "nixpkgs",
        "type": "github"
      }
    },
    "root": {
      "inputs": {
        "focus-field-viewer": "focus-field-viewer",
        "nixpkgs": "nixpkgs_2",
        "scilab-private": "scilab-private"
      }
    },
    "scilab-private": {
      "flake": false,
      "locked": {
        "lastModified": 1785156212,
        "narHash": "sha256-i+002JTnRqk4sBZuI9DqHHJsM/MWPjtJ9JnG62gLpbU=",
        "ref": "refs/heads/master",
        "rev": "3e4a826ee72861c25acfd1417a2f0d44380cd280",
        "revCount": 1,
        "type": "git",
        "url": "file:///home/kmd/src/scilab-private"
      },
      "original": {
        "type": "git",
        "url": "file:///home/kmd/src/scilab-private"
      }
    },
    "systems": {
      "locked": {
        "lastModified": 1681028828,
        "narHash": "sha256-Vy1rq5AaRuLzOxct8nz4T6wlgyUR7zLU309k9mBC768=",
        "owner": "nix-systems",
        "repo": "default",
        "rev": "da67096a3b9bf56a91d16901293e51ba5b49a27e",
        "type": "github"
      },
      "original": {
        "owner": "nix-systems",
        "repo": "default",
        "type": "github"
      }
    }
  },
  "root": "root",
  "version": 7
}
