{
  "nodes": {
    "nixpkgs": {
      "locked": {
        "lastModified": 1785104993,
        "narHash": "sha256-eKbrvPoAOFutbYMdbB3r5EQVmFxKv24iKqHPPUXA0gM=",
        "owner": "NixOS",
        "repo": "nixpkgs",
        "rev": "8623c4c20aa4ca2f5fb81510d2944066c3fb0d96",
        "type": "github"
      },
      "original": {
        "owner": "NixOS",
        "ref": "nixos-26.05",
        "repo": "nixpkgs",
        "type": "github"
      }
    },
    "root": {
      "inputs": {
        "nixpkgs": "nixpkgs",
        "scilab-private": "scilab-private"
      }
    },
    "scilab-private": {
      "flake": false,
      "locked": {
        "lastModified": 1785156212,
        "narHash": "sha256-i+002JTnRqk4sBZuI9DqHHJsM/MWPjtJ9JnG62gLpbU=",
        "ref": "refs/heads/master",
        "rev": "3e4a826ee72861c25acfd1417a2f0d44380cd280",
        "revCount": 1,
        "type": "git",
        "url": "file:///home/kmd/src/scilab-private"
      },
      "original": {
        "type": "git",
        "url": "file:///home/kmd/src/scilab-private"
      }
    }
  },
  "root": "root",
  "version": 7
}
